DEPENDENCIES
  apt
  java
  logrotate
  monit
    git: https://github.com/phlipper/chef-monit
    revision: 9aecee976641ad2f9b3b3c1924d6ce97b8a17216
  nginx
  postgresql
    git: git@github.com:phlipper/chef-postgresql.git
    revision: 00db6c2d022e7e72cf2827b0d5f40cb4f3e25943
  rails_stack
    path: .
  redisio
    git: git@github.com:brianbianco/redisio.git
    revision: 2b7fc068417fb95758b07bc4f6e3c4a450419812

GRAPH
  apt (2.3.10)
  bluepill (2.3.1)
    rsyslog (>= 0.0.0)
  build-essential (2.0.2)
  java (1.28.0)
  logrotate (1.5.0)
  monit (1.5.4)
    build-essential (>= 0.0.0)
  nginx (2.6.2)
    apt (~> 2.2)
    bluepill (~> 2.3)
    build-essential (~> 2.0)
    ohai (~> 1.1)
    runit (~> 1.2)
    yum-epel (~> 0.3)
  ohai (1.1.12)
  postgresql (0.13.3)
    apt (>= 1.9.0)
  rails_stack (0.1.10)
    apt (>= 0.0.0)
    logrotate (>= 0.0.0)
    monit (>= 0.0.0)
    nginx (>= 0.0.0)
  redisio (1.7.1)
    ulimit (>= 0.1.2)
  rsyslog (1.12.2)
  runit (1.5.10)
    build-essential (>= 0.0.0)
    yum (~> 3.0)
    yum-epel (>= 0.0.0)
  ulimit (0.3.2)
  yum (3.2.0)
  yum-epel (0.3.6)
    yum (~> 3.0)
